github.com/google/go-cmp v0.5.5 h1:Khx7svrCpmxxtHBq5j2mp/xVjsi8hQMfNLvJFAlrGgU=
github.com/google/go-cmp v0.5.5/go.mod h1:v8dTdLbMG2kIc/vJvl+f65V22dbkXbowE6jgT/gNBxE=
github.com/google/go-cmp v0.5.8 h1:e6P7q2lk1O+qJJb4BtCQXlK8vWEO8V1ZeuEdJNOqZyg=
github.com/google/go-cmp v0.5.8/go.mod h1:17dUlkBOakJ0+DkrSSNjCkIjxS6bF9zb3elmeNGIjoY=
github.com/google/uuid v1.4.0 h1:MtMxsa51/r9yyhkyLsVeVt0B+BGQZzpQiTQ4eHZ8bc4=
github.com/google/uuid v1.4.0/go.mod h1:TIyPZe4MgqvfeYDBFedMoGGpEw/LqOeaOT+nhxU+yHo=
github.com/leep-frog/command v0.0.0-20220530102936-14da917d3d4e h1:jNP0ftcDPuB8ysB86FHu3QJgX2INtTakkKJNpC5+21c=
github.com/leep-frog/command v0.0.0-20220530102936-14da917d3d4e/go.mod h1:fENOaVkhnQ/AKhBy7Pbkpd2l65h9R5ZQEspLn6bjNIE=
github.com/leep-frog/command v0.0.0-20220601133244-9f3b66d10f68 h1:uf0RanrdQdsdrRLSLhRtnthQygkj0cR1GqV+pHpkkXo=
github.com/leep-frog/command v0.0.0-20220601133244-9f3b66d10f68/go.mod h1:Rd1Wj9R6mxmO2cPMosUt72SwGFr68HOdykDbwVMwWE4=
github.com/leep-frog/command v0.0.0-20220703003206-38c5f98782cb h1:I19W0IvbXvg0MpXR6eLU0ymC78Gk8+6QakPTNN9LaYI=
github.com/leep-frog/command v0.0.0-20220703003206-38c5f98782cb/go.mod h1:Rd1Wj9R6mxmO2cPMosUt72SwGFr68HOdykDbwVMwWE4=
github.com/leep-frog/command v0.0.0-20220820035330-c356b6c0031c h1:DGPuoZ8I2ea0mSoJpAeD3VoveCz/t1Ksvvsi2T0EbBg=
github.com/leep-frog/command v0.0.0-20220820035330-c356b6c0031c/go.mod h1:Rd1Wj9R6mxmO2cPMosUt72SwGFr68HOdykDbwVMwWE4=
github.com/leep-frog/command v0.0.0-20220908170245-84c655f5a5ed h1:ryMg5QVfHOSellVe44EO3+YA1tLLm4XynG9Vm8JQvZ0=
github.com/leep-frog/command v0.0.0-20220908170245-84c655f5a5ed/go.mod h1:Rd1Wj9R6mxmO2cPMosUt72SwGFr68HOdykDbwVMwWE4=
github.com/leep-frog/command v0.0.0-20220913175955-ecdd7a1059e5 h1:4C9Q+SWaIjMu5a0w5kfw0/Xwte44KxGUZSuqy71yIM4=
github.com/leep-frog/command v0.0.0-20220913175955-ecdd7a1059e5/go.mod h1:Rd1Wj9R6mxmO2cPMosUt72SwGFr68HOdykDbwVMwWE4=
github.com/leep-frog/command v0.0.0-20220920143717-e0c506afae3f h1:4v4fWZLZpCc8JbdQgS93hA9B7YJj1lU6+iNVDT0XFeE=
github.com/leep-frog/command v0.0.0-20220920143717-e0c506afae3f/go.mod h1:Rd1Wj9R6mxmO2cPMosUt72SwGFr68HOdykDbwVMwWE4=
github.com/leep-frog/command v0.0.0-20230130194339-5192720eb044 h1:3kgCI/oXKrpm8XNISnhd/tLwI1tcNM5xes/8y9SKs1Y=
github.com/leep-frog/command v0.0.0-20230130194339-5192720eb044/go.mod h1:Rd1Wj9R6mxmO2cPMosUt72SwGFr68HOdykDbwVMwWE4=
github.com/leep-frog/command v0.0.0-20230201141701-15642cfdf7b3 h1:3T1ChNcxCPkS8O+j0ISLreBZHw3/gyLVhPPL+yiBrpY=
github.com/leep-frog/command v0.0.0-20230201141701-15642cfdf7b3/go.mod h1:Rd1Wj9R6mxmO2cPMosUt72SwGFr68HOdykDbwVMwWE4=
github.com/leep-frog/command v0.0.0-20230201152427-33dee6ca6e87 h1:EXM2PkZGIyGsGy+KOjgnPDHNuuTFRoMj8tgSb9CujW8=
github.com/leep-frog/command v0.0.0-20230201152427-33dee6ca6e87/go.mod h1:Rd1Wj9R6mxmO2cPMosUt72SwGFr68HOdykDbwVMwWE4=
github.com/leep-frog/command v0.0.0-20230201154628-7517c0b86a9a h1:Ce9qIZ6sBOC+5FcvwAHLLnn7YM9pUiU4d5eLky9lAgI=
github.com/leep-frog/command v0.0.0-20230201154628-7517c0b86a9a/go.mod h1:Rd1Wj9R6mxmO2cPMosUt72SwGFr68HOdykDbwVMwWE4=
github.com/leep-frog/command v0.0.0-20230203174417-24a1ea4717fb h1:zhR7y2elvh9lC1tVzvtEbpm6pS25GBDAkE7/GsiA3o4=
github.com/leep-frog/command v0.0.0-20230203174417-24a1ea4717fb/go.mod h1:Rd1Wj9R6mxmO2cPMosUt72SwGFr68HOdykDbwVMwWE4=
github.com/leep-frog/command v0.0.0-20230412185858-b543776e9cf8 h1:cuWDUFPUqvyvsD8W4loEBTueM/Pal457ATS91mS0Mt0=
github.com/leep-frog/command v0.0.0-20230412185858-b543776e9cf8/go.mod h1:nnUXeUudB6nssW6tQa3R64YK2ybnnRA11Wd0Gc2a5iA=
github.com/leep-frog/command v0.0.0-20230417002706-0437340074dd h1:YWcE/hmQF5GxouNMUjorgjy8XJ/YuQN+s+ReAcG/3Cc=
github.com/leep-frog/command v0.0.0-20230417002706-0437340074dd/go.mod h1:nnUXeUudB6nssW6tQa3R64YK2ybnnRA11Wd0Gc2a5iA=
github.com/leep-frog/command v0.0.0-20230417144055-357781ec02ba h1:M667iUYDB+jFfMngHGXTRhM761gWDleTtC9UExrmG7M=
github.com/leep-frog/command v0.0.0-20230417144055-357781ec02ba/go.mod h1:nnUXeUudB6nssW6tQa3R64YK2ybnnRA11Wd0Gc2a5iA=
github.com/leep-frog/command v0.0.0-20230418153939-0adcb76c9777 h1:4TGRTTkpwdcqA+H24HNeceg/yX6wnLKdo9ac9Q+F5Sw=
github.com/leep-frog/command v0.0.0-20230418153939-0adcb76c9777/go.mod h1:nnUXeUudB6nssW6tQa3R64YK2ybnnRA11Wd0Gc2a5iA=
github.com/leep-frog/command v0.0.0-20231114183500-a3d2ef85df58 h1:zgPOiM+vW7zimVc8sjcJyFllQLM2aYq8Pu2VXIiAg+w=
github.com/leep-frog/command v0.0.0-20231114183500-a3d2ef85df58/go.mod h1:uOueA4MNFozqwP04FIPFE4kw866MyPWyneSMjSut4aA=
github.com/leep-frog/command v0.0.0-20231114190027-1df67f5e6f06 h1:WYyp7lZENDgdLeISQL0800acbR74+vyEPumu47oUZ3M=
github.com/leep-frog/command v0.0.0-20231114190027-1df67f5e6f06/go.mod h1:uOueA4MNFozqwP04FIPFE4kw866MyPWyneSMjSut4aA=
golang.org/x/exp v0.0.0-20220321124402-2d6d886f8a82 h1:P3h2IfqHFILVjDaCKXyuKMprdEyIbrbKevbf2EB6lQI=
golang.org/x/exp v0.0.0-20220321124402-2d6d886f8a82/go.mod h1:lgLbSvA5ygNOMpwM/9anMpWVlVJ7Z+cHWq/eFuinpGE=
golang.org/x/exp v0.0.0-20231006140011-7918f672742d h1:jtJma62tbqLibJ5sFQz8bKtEM8rJBtfilJ2qTU199MI=
golang.org/x/exp v0.0.0-20231006140011-7918f672742d/go.mod h1:ldy0pHrwJyGW56pPQzzkH36rKxoZW1tw7ZJpeKx+hdo=
golang.org/x/xerrors v0.0.0-20191204190536-9bdfabe68543/go.mod h1:I/5z698sn9Ka8TeJc9MKroUUfqBBauWjQqLJ2OPfmY0=
golang.org/x/xerrors v0.0.0-20200804184101-5ec99f83aff1 h1:go1bK/D/BFZV2I8cIQd1NKEZ+0owSTG1fDTci4IqFcE=
golang.org/x/xerrors v0.0.0-20200804184101-5ec99f83aff1/go.mod h1:I/5z698sn9Ka8TeJc9MKroUUfqBBauWjQqLJ2OPfmY0=
